
Microsoft Visual Studio Solution File, Format Version 12.00
# Visual Studio Version 17
VisualStudioVersion = 17.3.32825.248
MinimumVisualStudioVersion = 10.0.40219.1
Project("{9A19103F-16F7-4668-BE54-9A1E7A4F7556}") = "InvestQ-Asp", "InvestQ-Asp\InvestQ-Asp.csproj", "{0B276931-C305-4A6E-BEA4-563451E1E3E6}"
EndProject
Project("{FAE04EC0-301F-11D3-BF4B-00C04F79EFBC}") = "InvestQ.IdentityServer", "InvestQ.IdentityServer\InvestQ.IdentityServer.csproj", "{3418C4BE-2D21-41D9-A729-13BCFBAFB202}"
EndProject
Global
	GlobalSection(SolutionConfigurationPlatforms) = preSolution
		Debug|Any CPU = Debug|Any CPU
		Release|Any CPU = Release|Any CPU
	EndGlobalSection
	GlobalSection(ProjectConfigurationPlatforms) = postSolution
		{0B276931-C305-4A6E-BEA4-563451E1E3E6}.Debug|Any CPU.ActiveCfg = Debug|Any CPU
		{0B276931-C305-4A6E-BEA4-563451E1E3E6}.Debug|Any CPU.Build.0 = Debug|Any CPU
		{0B276931-C305-4A6E-BEA4-563451E1E3E6}.Release|Any CPU.ActiveCfg = Release|Any CPU
		{0B276931-C305-4A6E-BEA4-563451E1E3E6}.Release|Any CPU.Build.0 = Release|Any CPU
		{3418C4BE-2D21-41D9-A729-13BCFBAFB202}.Debug|Any CPU.ActiveCfg = Debug|Any CPU
		{3418C4BE-2D21-41D9-A729-13BCFBAFB202}.Debug|Any CPU.Build.0 = Debug|Any CPU
		{3418C4BE-2D21-41D9-A729-13BCFBAFB202}.Release|Any CPU.ActiveCfg = Release|Any CPU
		{3418C4BE-2D21-41D9-A729-13BCFBAFB202}.Release|Any CPU.Build.0 = Release|Any CPU
	EndGlobalSection
	GlobalSection(SolutionProperties) = preSolution
		HideSolutionNode = FALSE
	EndGlobalSection
	GlobalSection(ExtensibilityGlobals) = postSolution
		SolutionGuid = {F81DC01C-CBD7-433F-87B9-FD1438D9EEFA}
	EndGlobalSection
EndGlobal
